lockfileVersion: '6.0'

settings:
  autoInstallPeers: true
  excludeLinksFromLockfile: false

devDependencies:
  sort-json:
    specifier: ^2.0.1
    version: 2.0.1

packages:

  /detect-indent@5.0.0:
    resolution: {integrity: sha512-rlpvsxUtM0PQvy9iZe640/IWwWYyBsTApREbA1pHOpmOUIl9MkP/U4z7vTtg4Oaojvqhxt7sdufnT0EzGaR31g==}
    engines: {node: '>=4'}
    dev: true

  /detect-newline@2.1.0:
    resolution: {integrity: sha512-CwffZFvlJffUg9zZA0uqrjQayUTC8ob94pnr5sFwaVv3IOmkfUHcWH+jXaQK3askE51Cqe8/9Ql/0uXNwqZ8Zg==}
    engines: {node: '>=0.10.0'}
    dev: true

  /minimist@1.2.8:
    resolution: {integrity: sha512-2yyAR8qBkN3YuheJanUpWC5U3bb5osDywNB8RzDVlDwDHbocAJveqqj1u8+SVD7jkWT4yvsHCpWqqWqAxb0zCA==}
    dev: true

  /sort-json@2.0.1:
    resolution: {integrity: sha512-s8cs2bcsQCzo/P2T/uoU6Js4dS/jnX8+4xunziNoq9qmSpZNCrRIAIvp4avsz0ST18HycV4z/7myJ7jsHWB2XQ==}
    hasBin: true
    dependencies:
      detect-indent: 5.0.0
      detect-newline: 2.1.0
      minimist: 1.2.8
    dev: true
