# THIS IS AN AUTOGENERATED FILE. DO NOT EDIT THIS FILE DIRECTLY.
# yarn lockfile v1


detect-indent@^5.0.0:
  version "5.0.0"
  resolved "https://registry.yarnpkg.com/detect-indent/-/detect-indent-5.0.0.tgz#3871cc0a6a002e8c3e5b3cf7f336264675f06b9d"
  integrity sha512-rlpvsxUtM0PQvy9iZe640/IWwWYyBsTApREbA1pHOpmOUIl9MkP/U4z7vTtg4Oaojvqhxt7sdufnT0EzGaR31g==

detect-newline@^2.1.0:
  version "2.1.0"
  resolved "https://registry.yarnpkg.com/detect-newline/-/detect-newline-2.1.0.tgz#f41f1c10be4b00e87b5f13da680759f2c5bfd3e2"
  integrity sha512-CwffZFvlJffUg9zZA0uqrjQayUTC8ob94pnr5sFwaVv3IOmkfUHcWH+jXaQK3askE51Cqe8/9Ql/0uXNwqZ8Zg==

minimist@^1.2.0:
  version "1.2.6"
  resolved "https://registry.yarnpkg.com/minimist/-/minimist-1.2.6.tgz#8637a5b759ea0d6e98702cfb3a9283323c93af44"
  integrity sha512-Jsjnk4bw3YJqYzbdyBiNsPWHPfO++UGG749Cxs6peCu5Xg4nrena6OVxOYxrQTqww0Jmwt+Ref8rggumkTLz9Q==

sort-json@^2.0.1:
  version "2.0.1"
  resolved "https://registry.yarnpkg.com/sort-json/-/sort-json-2.0.1.tgz#7338783bef807185dc37d5b02e3afd905d537cfb"
  integrity sha512-s8cs2bcsQCzo/P2T/uoU6Js4dS/jnX8+4xunziNoq9qmSpZNCrRIAIvp4avsz0ST18HycV4z/7myJ7jsHWB2XQ==
  dependencies:
    detect-indent "^5.0.0"
    detect-newline "^2.1.0"
    minimist "^1.2.0"
